
Microsoft Visual Studio Solution File, Format Version 12.00
# Visual Studio Version 17
VisualStudioVersion = 17.3.32819.101
MinimumVisualStudioVersion = 10.0.40219.1
Project("{FAE04EC0-301F-11D3-BF4B-00C04F79EFBC}") = "Cryptography.Fernet", "Cryptography.Fernet\Cryptography.Fernet.csproj", "{798B0F06-D429-4012-B908-A9CE2B4E772D}"
EndProject
Project("{FAE04EC0-301F-11D3-BF4B-00C04F79EFBC}") = "Cryptography.Fernet.Tests", "Cryptography.Fernet.Tests\Cryptography.Fernet.Tests.csproj", "{F2561B5B-B226-4704-89AD-8D3F4119EE8C}"
EndProject
Global
	GlobalSection(SolutionConfigurationPlatforms) = preSolution
		Debug|Any CPU = Debug|Any CPU
		Release|Any CPU = Release|Any CPU
	EndGlobalSection
	GlobalSection(ProjectConfigurationPlatforms) = postSolution
		{798B0F06-D429-4012-B908-A9CE2B4E772D}.Debug|Any CPU.ActiveCfg = Debug|Any CPU
		{798B0F06-D429-4012-B908-A9CE2B4E772D}.Debug|Any CPU.Build.0 = Debug|Any CPU
		{798B0F06-D429-4012-B908-A9CE2B4E772D}.Release|Any CPU.ActiveCfg = Release|Any CPU
		{798B0F06-D429-4012-B908-A9CE2B4E772D}.Release|Any CPU.Build.0 = Release|Any CPU
		{F2561B5B-B226-4704-89AD-8D3F4119EE8C}.Debug|Any CPU.ActiveCfg = Debug|Any CPU
		{F2561B5B-B226-4704-89AD-8D3F4119EE8C}.Debug|Any CPU.Build.0 = Debug|Any CPU
		{F2561B5B-B226-4704-89AD-8D3F4119EE8C}.Release|Any CPU.ActiveCfg = Release|Any CPU
		{F2561B5B-B226-4704-89AD-8D3F4119EE8C}.Release|Any CPU.Build.0 = Release|Any CPU
	EndGlobalSection
	GlobalSection(SolutionProperties) = preSolution
		HideSolutionNode = FALSE
	EndGlobalSection
	GlobalSection(ExtensibilityGlobals) = postSolution
		SolutionGuid = {5515F9CE-6AD2-4B9E-B4A8-ADE457CD0429}
	EndGlobalSection
EndGlobal
